
Microsoft Visual Studio Solution File, Format Version 12.00
# Visual Studio 15
VisualStudioVersion = 15.0.26124.0
MinimumVisualStudioVersion = 15.0.26124.0
Project("{9A19103F-16F7-4668-BE54-9A1E7A4F7556}") = "BasicWebApp", "BasicWebApp\BasicWebApp.csproj", "{47C416A6-172A-42B8-8836-73DBFDDBD5B6}"
EndProject
Project("{9A19103F-16F7-4668-BE54-9A1E7A4F7556}") = "SampleApp", "SampleApp\SampleApp.csproj", "{2001B02B-0EFC-4BB3-953D-C96A3CC43D4C}"
EndProject
Project("{FAE04EC0-301F-11D3-BF4B-00C04F79EFBC}") = "NodeJsLike", "NodeJsLike\NodeJsLike.csproj", "{0900D692-E6AF-4AE1-8C0E-43A064F27E67}"
EndProject
Global
	GlobalSection(SolutionConfigurationPlatforms) = preSolution
		Debug|Any CPU = Debug|Any CPU
		Debug|x64 = Debug|x64
		Debug|x86 = Debug|x86
		Release|Any CPU = Release|Any CPU
		Release|x64 = Release|x64
		Release|x86 = Release|x86
	EndGlobalSection
	GlobalSection(ProjectConfigurationPlatforms) = postSolution
		{47C416A6-172A-42B8-8836-73DBFDDBD5B6}.Debug|Any CPU.ActiveCfg = Debug|Any CPU
		{47C416A6-172A-42B8-8836-73DBFDDBD5B6}.Debug|Any CPU.Build.0 = Debug|Any CPU
		{47C416A6-172A-42B8-8836-73DBFDDBD5B6}.Debug|x64.ActiveCfg = Debug|Any CPU
		{47C416A6-172A-42B8-8836-73DBFDDBD5B6}.Debug|x64.Build.0 = Debug|Any CPU
		{47C416A6-172A-42B8-8836-73DBFDDBD5B6}.Debug|x86.ActiveCfg = Debug|Any CPU
		{47C416A6-172A-42B8-8836-73DBFDDBD5B6}.Debug|x86.Build.0 = Debug|Any CPU
		{47C416A6-172A-42B8-8836-73DBFDDBD5B6}.Release|Any CPU.ActiveCfg = Release|Any CPU
		{47C416A6-172A-42B8-8836-73DBFDDBD5B6}.Release|Any CPU.Build.0 = Release|Any CPU
		{47C416A6-172A-42B8-8836-73DBFDDBD5B6}.Release|x64.ActiveCfg = Release|Any CPU
		{47C416A6-172A-42B8-8836-73DBFDDBD5B6}.Release|x64.Build.0 = Release|Any CPU
		{47C416A6-172A-42B8-8836-73DBFDDBD5B6}.Release|x86.ActiveCfg = Release|Any CPU
		{47C416A6-172A-42B8-8836-73DBFDDBD5B6}.Release|x86.Build.0 = Release|Any CPU
		{2001B02B-0EFC-4BB3-953D-C96A3CC43D4C}.Debug|Any CPU.ActiveCfg = Debug|Any CPU
		{2001B02B-0EFC-4BB3-953D-C96A3CC43D4C}.Debug|Any CPU.Build.0 = Debug|Any CPU
		{2001B02B-0EFC-4BB3-953D-C96A3CC43D4C}.Debug|x64.ActiveCfg = Debug|Any CPU
		{2001B02B-0EFC-4BB3-953D-C96A3CC43D4C}.Debug|x64.Build.0 = Debug|Any CPU
		{2001B02B-0EFC-4BB3-953D-C96A3CC43D4C}.Debug|x86.ActiveCfg = Debug|Any CPU
		{2001B02B-0EFC-4BB3-953D-C96A3CC43D4C}.Debug|x86.Build.0 = Debug|Any CPU
		{2001B02B-0EFC-4BB3-953D-C96A3CC43D4C}.Release|Any CPU.ActiveCfg = Release|Any CPU
		{2001B02B-0EFC-4BB3-953D-C96A3CC43D4C}.Release|Any CPU.Build.0 = Release|Any CPU
		{2001B02B-0EFC-4BB3-953D-C96A3CC43D4C}.Release|x64.ActiveCfg = Release|Any CPU
		{2001B02B-0EFC-4BB3-953D-C96A3CC43D4C}.Release|x64.Build.0 = Release|Any CPU
		{2001B02B-0EFC-4BB3-953D-C96A3CC43D4C}.Release|x86.ActiveCfg = Release|Any CPU
		{2001B02B-0EFC-4BB3-953D-C96A3CC43D4C}.Release|x86.Build.0 = Release|Any CPU
		{0900D692-E6AF-4AE1-8C0E-43A064F27E67}.Debug|Any CPU.ActiveCfg = Debug|Any CPU
		{0900D692-E6AF-4AE1-8C0E-43A064F27E67}.Debug|Any CPU.Build.0 = Debug|Any CPU
		{0900D692-E6AF-4AE1-8C0E-43A064F27E67}.Debug|x64.ActiveCfg = Debug|Any CPU
		{0900D692-E6AF-4AE1-8C0E-43A064F27E67}.Debug|x64.Build.0 = Debug|Any CPU
		{0900D692-E6AF-4AE1-8C0E-43A064F27E67}.Debug|x86.ActiveCfg = Debug|Any CPU
		{0900D692-E6AF-4AE1-8C0E-43A064F27E67}.Debug|x86.Build.0 = Debug|Any CPU
		{0900D692-E6AF-4AE1-8C0E-43A064F27E67}.Release|Any CPU.ActiveCfg = Release|Any CPU
		{0900D692-E6AF-4AE1-8C0E-43A064F27E67}.Release|Any CPU.Build.0 = Release|Any CPU
		{0900D692-E6AF-4AE1-8C0E-43A064F27E67}.Release|x64.ActiveCfg = Release|Any CPU
		{0900D692-E6AF-4AE1-8C0E-43A064F27E67}.Release|x64.Build.0 = Release|Any CPU
		{0900D692-E6AF-4AE1-8C0E-43A064F27E67}.Release|x86.ActiveCfg = Release|Any CPU
		{0900D692-E6AF-4AE1-8C0E-43A064F27E67}.Release|x86.Build.0 = Release|Any CPU
	EndGlobalSection
	GlobalSection(SolutionProperties) = preSolution
		HideSolutionNode = FALSE
	EndGlobalSection
	GlobalSection(ExtensibilityGlobals) = postSolution
		SolutionGuid = {3BF1032D-F28E-47B3-AC64-477A5E11F64D}
	EndGlobalSection
EndGlobal
